
Microsoft Visual Studio Solution File, Format Version 12.00
# Visual Studio 15
VisualStudioVersion = 15.0.28010.2050
MinimumVisualStudioVersion = 10.0.40219.1
Project("{9A19103F-16F7-4668-BE54-9A1E7A4F7556}") = "FunctionalResults", "FunctionalResults\FunctionalResults.csproj", "{E7810517-7D51-43A1-A2BF-793E0F9736AF}"
EndProject
Project("{9A19103F-16F7-4668-BE54-9A1E7A4F7556}") = "Demo", "Demo\Demo.csproj", "{0DE601E3-6861-4408-B462-CB4B54B0A066}"
EndProject
Project("{9A19103F-16F7-4668-BE54-9A1E7A4F7556}") = "ExtraDelegates", "ExtraDelegates\ExtraDelegates.csproj", "{AE11A2AD-2FF2-4F61-8A60-E8D6B2BE652F}"
EndProject
Project("{FAE04EC0-301F-11D3-BF4B-00C04F79EFBC}") = "FunctionalResults.Test", "FunctionalResults.Test\FunctionalResults.Test.csproj", "{F931AE23-0D3B-45CA-966F-C4BBFDE09D52}"
EndProject
Global
	GlobalSection(SolutionConfigurationPlatforms) = preSolution
		Debug|Any CPU = Debug|Any CPU
		Release|Any CPU = Release|Any CPU
	EndGlobalSection
	GlobalSection(ProjectConfigurationPlatforms) = postSolution
		{E7810517-7D51-43A1-A2BF-793E0F9736AF}.Debug|Any CPU.ActiveCfg = Debug|Any CPU
		{E7810517-7D51-43A1-A2BF-793E0F9736AF}.Debug|Any CPU.Build.0 = Debug|Any CPU
		{E7810517-7D51-43A1-A2BF-793E0F9736AF}.Release|Any CPU.ActiveCfg = Release|Any CPU
		{E7810517-7D51-43A1-A2BF-793E0F9736AF}.Release|Any CPU.Build.0 = Release|Any CPU
		{0DE601E3-6861-4408-B462-CB4B54B0A066}.Debug|Any CPU.ActiveCfg = Debug|Any CPU
		{0DE601E3-6861-4408-B462-CB4B54B0A066}.Debug|Any CPU.Build.0 = Debug|Any CPU
		{0DE601E3-6861-4408-B462-CB4B54B0A066}.Release|Any CPU.ActiveCfg = Release|Any CPU
		{0DE601E3-6861-4408-B462-CB4B54B0A066}.Release|Any CPU.Build.0 = Release|Any CPU
		{AE11A2AD-2FF2-4F61-8A60-E8D6B2BE652F}.Debug|Any CPU.ActiveCfg = Debug|Any CPU
		{AE11A2AD-2FF2-4F61-8A60-E8D6B2BE652F}.Debug|Any CPU.Build.0 = Debug|Any CPU
		{AE11A2AD-2FF2-4F61-8A60-E8D6B2BE652F}.Release|Any CPU.ActiveCfg = Release|Any CPU
		{AE11A2AD-2FF2-4F61-8A60-E8D6B2BE652F}.Release|Any CPU.Build.0 = Release|Any CPU
		{F931AE23-0D3B-45CA-966F-C4BBFDE09D52}.Debug|Any CPU.ActiveCfg = Debug|Any CPU
		{F931AE23-0D3B-45CA-966F-C4BBFDE09D52}.Debug|Any CPU.Build.0 = Debug|Any CPU
		{F931AE23-0D3B-45CA-966F-C4BBFDE09D52}.Release|Any CPU.ActiveCfg = Release|Any CPU
		{F931AE23-0D3B-45CA-966F-C4BBFDE09D52}.Release|Any CPU.Build.0 = Release|Any CPU
	EndGlobalSection
	GlobalSection(SolutionProperties) = preSolution
		HideSolutionNode = FALSE
	EndGlobalSection
	GlobalSection(ExtensibilityGlobals) = postSolution
		SolutionGuid = {8F084401-63BA-4547-8B38-8D764DCFCD65}
	EndGlobalSection
EndGlobal
